
Microsoft Visual Studio Solution File, Format Version 12.00
# Visual Studio 2013
VisualStudioVersion = 12.0.31101.0
MinimumVisualStudioVersion = 10.0.40219.1
Project("{FAE04EC0-301F-11D3-BF4B-00C04F79EFBC}") = "ListViewSample", "ListViewSample\ListViewSample\ListViewSample.csproj", "{9420567E-A8A4-4B75-AD51-E1F301F9AE30}"
EndProject
Project("{FAE04EC0-301F-11D3-BF4B-00C04F79EFBC}") = "ListViewSample.iOS", "ListViewSample\ListViewSample.iOS\ListViewSample.iOS.csproj", "{986A21E0-E936-4906-9516-94F1930D8FCB}"
EndProject
Project("{FAE04EC0-301F-11D3-BF4B-00C04F79EFBC}") = "ListViewSample.Droid", "ListViewSample\ListViewSample.Droid\ListViewSample.Droid.csproj", "{5FB51471-A31E-4668-8046-169071BAF530}"
EndProject
Project("{FAE04EC0-301F-11D3-BF4B-00C04F79EFBC}") = "ListViewSample.WinPhone", "ListViewSample\ListViewSample.WinPhone\ListViewSample.WinPhone.csproj", "{FC2130E3-C1F8-484A-819A-7F746582F649}"
EndProject
Global
	GlobalSection(SolutionConfigurationPlatforms) = preSolution
		Ad-Hoc|Any CPU = Ad-Hoc|Any CPU
		Ad-Hoc|ARM = Ad-Hoc|ARM
		Ad-Hoc|iPhone = Ad-Hoc|iPhone
		Ad-Hoc|iPhoneSimulator = Ad-Hoc|iPhoneSimulator
		Ad-Hoc|Mixed Platforms = Ad-Hoc|Mixed Platforms
		Ad-Hoc|x86 = Ad-Hoc|x86
		AppStore|Any CPU = AppStore|Any CPU
		AppStore|ARM = AppStore|ARM
		AppStore|iPhone = AppStore|iPhone
		AppStore|iPhoneSimulator = AppStore|iPhoneSimulator
		AppStore|Mixed Platforms = AppStore|Mixed Platforms
		AppStore|x86 = AppStore|x86
		Debug|Any CPU = Debug|Any CPU
		Debug|ARM = Debug|ARM
		Debug|iPhone = Debug|iPhone
		Debug|iPhoneSimulator = Debug|iPhoneSimulator
		Debug|Mixed Platforms = Debug|Mixed Platforms
		Debug|x86 = Debug|x86
		Release|Any CPU = Release|Any CPU
		Release|ARM = Release|ARM
		Release|iPhone = Release|iPhone
		Release|iPhoneSimulator = Release|iPhoneSimulator
		Release|Mixed Platforms = Release|Mixed Platforms
		Release|x86 = Release|x86
	EndGlobalSection
	GlobalSection(ProjectConfigurationPlatforms) = postSolution
		{9420567E-A8A4-4B75-AD51-E1F301F9AE30}.Ad-Hoc|Any CPU.ActiveCfg = Release|Any CPU
		{9420567E-A8A4-4B75-AD51-E1F301F9AE30}.Ad-Hoc|Any CPU.Build.0 = Release|Any CPU
		{9420567E-A8A4-4B75-AD51-E1F301F9AE30}.Ad-Hoc|ARM.ActiveCfg = Release|Any CPU
		{9420567E-A8A4-4B75-AD51-E1F301F9AE30}.Ad-Hoc|iPhone.ActiveCfg = Release|Any CPU
		{9420567E-A8A4-4B75-AD51-E1F301F9AE30}.Ad-Hoc|iPhoneSimulator.ActiveCfg = Release|Any CPU
		{9420567E-A8A4-4B75-AD51-E1F301F9AE30}.Ad-Hoc|Mixed Platforms.ActiveCfg = Release|Any CPU
		{9420567E-A8A4-4B75-AD51-E1F301F9AE30}.Ad-Hoc|Mixed Platforms.Build.0 = Release|Any CPU
		{9420567E-A8A4-4B75-AD51-E1F301F9AE30}.Ad-Hoc|x86.ActiveCfg = Release|Any CPU
		{9420567E-A8A4-4B75-AD51-E1F301F9AE30}.AppStore|Any CPU.ActiveCfg = Release|Any CPU
		{9420567E-A8A4-4B75-AD51-E1F301F9AE30}.AppStore|Any CPU.Build.0 = Release|Any CPU
		{9420567E-A8A4-4B75-AD51-E1F301F9AE30}.AppStore|ARM.ActiveCfg = Release|Any CPU
		{9420567E-A8A4-4B75-AD51-E1F301F9AE30}.AppStore|iPhone.ActiveCfg = Release|Any CPU
		{9420567E-A8A4-4B75-AD51-E1F301F9AE30}.AppStore|iPhoneSimulator.ActiveCfg = Release|Any CPU
		{9420567E-A8A4-4B75-AD51-E1F301F9AE30}.AppStore|Mixed Platforms.ActiveCfg = Release|Any CPU
		{9420567E-A8A4-4B75-AD51-E1F301F9AE30}.AppStore|Mixed Platforms.Build.0 = Release|Any CPU
		{9420567E-A8A4-4B75-AD51-E1F301F9AE30}.AppStore|x86.ActiveCfg = Release|Any CPU
		{9420567E-A8A4-4B75-AD51-E1F301F9AE30}.Debug|Any CPU.ActiveCfg = Debug|Any CPU
		{9420567E-A8A4-4B75-AD51-E1F301F9AE30}.Debug|Any CPU.Build.0 = Debug|Any CPU
		{9420567E-A8A4-4B75-AD51-E1F301F9AE30}.Debug|ARM.ActiveCfg = Debug|Any CPU
		{9420567E-A8A4-4B75-AD51-E1F301F9AE30}.Debug|iPhone.ActiveCfg = Debug|Any CPU
		{9420567E-A8A4-4B75-AD51-E1F301F9AE30}.Debug|iPhone.Build.0 = Debug|Any CPU
		{9420567E-A8A4-4B75-AD51-E1F301F9AE30}.Debug|iPhoneSimulator.ActiveCfg = Debug|Any CPU
		{9420567E-A8A4-4B75-AD51-E1F301F9AE30}.Debug|iPhoneSimulator.Build.0 = Debug|Any CPU
		{9420567E-A8A4-4B75-AD51-E1F301F9AE30}.Debug|Mixed Platforms.ActiveCfg = Debug|Any CPU
		{9420567E-A8A4-4B75-AD51-E1F301F9AE30}.Debug|Mixed Platforms.Build.0 = Debug|Any CPU
		{9420567E-A8A4-4B75-AD51-E1F301F9AE30}.Debug|x86.ActiveCfg = Debug|Any CPU
		{9420567E-A8A4-4B75-AD51-E1F301F9AE30}.Release|Any CPU.ActiveCfg = Release|Any CPU
		{9420567E-A8A4-4B75-AD51-E1F301F9AE30}.Release|Any CPU.Build.0 = Release|Any CPU
		{9420567E-A8A4-4B75-AD51-E1F301F9AE30}.Release|ARM.ActiveCfg = Release|Any CPU
		{9420567E-A8A4-4B75-AD51-E1F301F9AE30}.Release|iPhone.ActiveCfg = Release|Any CPU
		{9420567E-A8A4-4B75-AD51-E1F301F9AE30}.Release|iPhoneSimulator.ActiveCfg = Release|Any CPU
		{9420567E-A8A4-4B75-AD51-E1F301F9AE30}.Release|Mixed Platforms.ActiveCfg = Release|Any CPU
		{9420567E-A8A4-4B75-AD51-E1F301F9AE30}.Release|Mixed Platforms.Build.0 = Release|Any CPU
		{9420567E-A8A4-4B75-AD51-E1F301F9AE30}.Release|x86.ActiveCfg = Release|Any CPU
		{986A21E0-E936-4906-9516-94F1930D8FCB}.Ad-Hoc|Any CPU.ActiveCfg = Ad-Hoc|iPhone
		{986A21E0-E936-4906-9516-94F1930D8FCB}.Ad-Hoc|ARM.ActiveCfg = Ad-Hoc|iPhone
		{986A21E0-E936-4906-9516-94F1930D8FCB}.Ad-Hoc|iPhone.ActiveCfg = Ad-Hoc|iPhone
		{986A21E0-E936-4906-9516-94F1930D8FCB}.Ad-Hoc|iPhone.Build.0 = Ad-Hoc|iPhone
		{986A21E0-E936-4906-9516-94F1930D8FCB}.Ad-Hoc|iPhoneSimulator.ActiveCfg = Ad-Hoc|iPhoneSimulator
		{986A21E0-E936-4906-9516-94F1930D8FCB}.Ad-Hoc|iPhoneSimulator.Build.0 = Ad-Hoc|iPhoneSimulator
		{986A21E0-E936-4906-9516-94F1930D8FCB}.Ad-Hoc|Mixed Platforms.ActiveCfg = Ad-Hoc|iPhone
		{986A21E0-E936-4906-9516-94F1930D8FCB}.Ad-Hoc|Mixed Platforms.Build.0 = Ad-Hoc|iPhone
		{986A21E0-E936-4906-9516-94F1930D8FCB}.Ad-Hoc|x86.ActiveCfg = Ad-Hoc|iPhone
		{986A21E0-E936-4906-9516-94F1930D8FCB}.AppStore|Any CPU.ActiveCfg = AppStore|iPhone
		{986A21E0-E936-4906-9516-94F1930D8FCB}.AppStore|ARM.ActiveCfg = AppStore|iPhone
		{986A21E0-E936-4906-9516-94F1930D8FCB}.AppStore|iPhone.ActiveCfg = AppStore|iPhone
		{986A21E0-E936-4906-9516-94F1930D8FCB}.AppStore|iPhone.Build.0 = AppStore|iPhone
		{986A21E0-E936-4906-9516-94F1930D8FCB}.AppStore|iPhoneSimulator.ActiveCfg = AppStore|iPhoneSimulator
		{986A21E0-E936-4906-9516-94F1930D8FCB}.AppStore|iPhoneSimulator.Build.0 = AppStore|iPhoneSimulator
		{986A21E0-E936-4906-9516-94F1930D8FCB}.AppStore|Mixed Platforms.ActiveCfg = AppStore|iPhone
		{986A21E0-E936-4906-9516-94F1930D8FCB}.AppStore|Mixed Platforms.Build.0 = AppStore|iPhone
		{986A21E0-E936-4906-9516-94F1930D8FCB}.AppStore|x86.ActiveCfg = AppStore|iPhone
		{986A21E0-E936-4906-9516-94F1930D8FCB}.Debug|Any CPU.ActiveCfg = Debug|iPhone
		{986A21E0-E936-4906-9516-94F1930D8FCB}.Debug|ARM.ActiveCfg = Debug|iPhone
		{986A21E0-E936-4906-9516-94F1930D8FCB}.Debug|iPhone.ActiveCfg = Debug|iPhoneSimulator
		{986A21E0-E936-4906-9516-94F1930D8FCB}.Debug|iPhone.Build.0 = Debug|iPhoneSimulator
		{986A21E0-E936-4906-9516-94F1930D8FCB}.Debug|iPhoneSimulator.ActiveCfg = Debug|iPhoneSimulator
		{986A21E0-E936-4906-9516-94F1930D8FCB}.Debug|iPhoneSimulator.Build.0 = Debug|iPhoneSimulator
		{986A21E0-E936-4906-9516-94F1930D8FCB}.Debug|Mixed Platforms.ActiveCfg = Debug|iPhone
		{986A21E0-E936-4906-9516-94F1930D8FCB}.Debug|Mixed Platforms.Build.0 = Debug|iPhone
		{986A21E0-E936-4906-9516-94F1930D8FCB}.Debug|x86.ActiveCfg = Debug|iPhone
		{986A21E0-E936-4906-9516-94F1930D8FCB}.Release|Any CPU.ActiveCfg = Release|iPhone
		{986A21E0-E936-4906-9516-94F1930D8FCB}.Release|ARM.ActiveCfg = Release|iPhone
		{986A21E0-E936-4906-9516-94F1930D8FCB}.Release|iPhone.ActiveCfg = Release|iPhone
		{986A21E0-E936-4906-9516-94F1930D8FCB}.Release|iPhone.Build.0 = Release|iPhone
		{986A21E0-E936-4906-9516-94F1930D8FCB}.Release|iPhoneSimulator.ActiveCfg = Release|iPhoneSimulator
		{986A21E0-E936-4906-9516-94F1930D8FCB}.Release|iPhoneSimulator.Build.0 = Release|iPhoneSimulator
		{986A21E0-E936-4906-9516-94F1930D8FCB}.Release|Mixed Platforms.ActiveCfg = Release|iPhone
		{986A21E0-E936-4906-9516-94F1930D8FCB}.Release|Mixed Platforms.Build.0 = Release|iPhone
		{986A21E0-E936-4906-9516-94F1930D8FCB}.Release|x86.ActiveCfg = Release|iPhone
		{5FB51471-A31E-4668-8046-169071BAF530}.Ad-Hoc|Any CPU.ActiveCfg = Release|Any CPU
		{5FB51471-A31E-4668-8046-169071BAF530}.Ad-Hoc|Any CPU.Build.0 = Release|Any CPU
		{5FB51471-A31E-4668-8046-169071BAF530}.Ad-Hoc|Any CPU.Deploy.0 = Release|Any CPU
		{5FB51471-A31E-4668-8046-169071BAF530}.Ad-Hoc|ARM.ActiveCfg = Release|Any CPU
		{5FB51471-A31E-4668-8046-169071BAF530}.Ad-Hoc|iPhone.ActiveCfg = Release|Any CPU
		{5FB51471-A31E-4668-8046-169071BAF530}.Ad-Hoc|iPhoneSimulator.ActiveCfg = Release|Any CPU
		{5FB51471-A31E-4668-8046-169071BAF530}.Ad-Hoc|Mixed Platforms.ActiveCfg = Release|Any CPU
		{5FB51471-A31E-4668-8046-169071BAF530}.Ad-Hoc|Mixed Platforms.Build.0 = Release|Any CPU
		{5FB51471-A31E-4668-8046-169071BAF530}.Ad-Hoc|Mixed Platforms.Deploy.0 = Release|Any CPU
		{5FB51471-A31E-4668-8046-169071BAF530}.Ad-Hoc|x86.ActiveCfg = Release|Any CPU
		{5FB51471-A31E-4668-8046-169071BAF530}.AppStore|Any CPU.ActiveCfg = Release|Any CPU
		{5FB51471-A31E-4668-8046-169071BAF530}.AppStore|Any CPU.Build.0 = Release|Any CPU
		{5FB51471-A31E-4668-8046-169071BAF530}.AppStore|Any CPU.Deploy.0 = Release|Any CPU
		{5FB51471-A31E-4668-8046-169071BAF530}.AppStore|ARM.ActiveCfg = Release|Any CPU
		{5FB51471-A31E-4668-8046-169071BAF530}.AppStore|iPhone.ActiveCfg = Release|Any CPU
		{5FB51471-A31E-4668-8046-169071BAF530}.AppStore|iPhoneSimulator.ActiveCfg = Release|Any CPU
		{5FB51471-A31E-4668-8046-169071BAF530}.AppStore|Mixed Platforms.ActiveCfg = Release|Any CPU
		{5FB51471-A31E-4668-8046-169071BAF530}.AppStore|Mixed Platforms.Build.0 = Release|Any CPU
		{5FB51471-A31E-4668-8046-169071BAF530}.AppStore|Mixed Platforms.Deploy.0 = Release|Any CPU
		{5FB51471-A31E-4668-8046-169071BAF530}.AppStore|x86.ActiveCfg = Release|Any CPU
		{5FB51471-A31E-4668-8046-169071BAF530}.Debug|Any CPU.ActiveCfg = Debug|Any CPU
		{5FB51471-A31E-4668-8046-169071BAF530}.Debug|Any CPU.Build.0 = Debug|Any CPU
		{5FB51471-A31E-4668-8046-169071BAF530}.Debug|Any CPU.Deploy.0 = Debug|Any CPU
		{5FB51471-A31E-4668-8046-169071BAF530}.Debug|ARM.ActiveCfg = Debug|Any CPU
		{5FB51471-A31E-4668-8046-169071BAF530}.Debug|iPhone.ActiveCfg = Debug|Any CPU
		{5FB51471-A31E-4668-8046-169071BAF530}.Debug|iPhone.Build.0 = Debug|Any CPU
		{5FB51471-A31E-4668-8046-169071BAF530}.Debug|iPhone.Deploy.0 = Debug|Any CPU
		{5FB51471-A31E-4668-8046-169071BAF530}.Debug|iPhoneSimulator.ActiveCfg = Debug|Any CPU
		{5FB51471-A31E-4668-8046-169071BAF530}.Debug|iPhoneSimulator.Build.0 = Debug|Any CPU
		{5FB51471-A31E-4668-8046-169071BAF530}.Debug|iPhoneSimulator.Deploy.0 = Debug|Any CPU
		{5FB51471-A31E-4668-8046-169071BAF530}.Debug|Mixed Platforms.ActiveCfg = Debug|Any CPU
		{5FB51471-A31E-4668-8046-169071BAF530}.Debug|Mixed Platforms.Build.0 = Debug|Any CPU
		{5FB51471-A31E-4668-8046-169071BAF530}.Debug|Mixed Platforms.Deploy.0 = Debug|Any CPU
		{5FB51471-A31E-4668-8046-169071BAF530}.Debug|x86.ActiveCfg = Debug|Any CPU
		{5FB51471-A31E-4668-8046-169071BAF530}.Release|Any CPU.ActiveCfg = Release|Any CPU
		{5FB51471-A31E-4668-8046-169071BAF530}.Release|Any CPU.Build.0 = Release|Any CPU
		{5FB51471-A31E-4668-8046-169071BAF530}.Release|Any CPU.Deploy.0 = Release|Any CPU
		{5FB51471-A31E-4668-8046-169071BAF530}.Release|ARM.ActiveCfg = Release|Any CPU
		{5FB51471-A31E-4668-8046-169071BAF530}.Release|iPhone.ActiveCfg = Release|Any CPU
		{5FB51471-A31E-4668-8046-169071BAF530}.Release|iPhoneSimulator.ActiveCfg = Release|Any CPU
		{5FB51471-A31E-4668-8046-169071BAF530}.Release|Mixed Platforms.ActiveCfg = Release|Any CPU
		{5FB51471-A31E-4668-8046-169071BAF530}.Release|Mixed Platforms.Build.0 = Release|Any CPU
		{5FB51471-A31E-4668-8046-169071BAF530}.Release|Mixed Platforms.Deploy.0 = Release|Any CPU
		{5FB51471-A31E-4668-8046-169071BAF530}.Release|x86.ActiveCfg = Release|Any CPU
		{FC2130E3-C1F8-484A-819A-7F746582F649}.Ad-Hoc|Any CPU.ActiveCfg = Release|Any CPU
		{FC2130E3-C1F8-484A-819A-7F746582F649}.Ad-Hoc|Any CPU.Build.0 = Release|Any CPU
		{FC2130E3-C1F8-484A-819A-7F746582F649}.Ad-Hoc|Any CPU.Deploy.0 = Release|Any CPU
		{FC2130E3-C1F8-484A-819A-7F746582F649}.Ad-Hoc|ARM.ActiveCfg = Release|ARM
		{FC2130E3-C1F8-484A-819A-7F746582F649}.Ad-Hoc|ARM.Build.0 = Release|ARM
		{FC2130E3-C1F8-484A-819A-7F746582F649}.Ad-Hoc|ARM.Deploy.0 = Release|ARM
		{FC2130E3-C1F8-484A-819A-7F746582F649}.Ad-Hoc|iPhone.ActiveCfg = Release|Any CPU
		{FC2130E3-C1F8-484A-819A-7F746582F649}.Ad-Hoc|iPhoneSimulator.ActiveCfg = Release|Any CPU
		{FC2130E3-C1F8-484A-819A-7F746582F649}.Ad-Hoc|Mixed Platforms.ActiveCfg = Release|x86
		{FC2130E3-C1F8-484A-819A-7F746582F649}.Ad-Hoc|Mixed Platforms.Build.0 = Release|x86
		{FC2130E3-C1F8-484A-819A-7F746582F649}.Ad-Hoc|Mixed Platforms.Deploy.0 = Release|x86
		{FC2130E3-C1F8-484A-819A-7F746582F649}.Ad-Hoc|x86.ActiveCfg = Release|x86
		{FC2130E3-C1F8-484A-819A-7F746582F649}.Ad-Hoc|x86.Build.0 = Release|x86
		{FC2130E3-C1F8-484A-819A-7F746582F649}.Ad-Hoc|x86.Deploy.0 = Release|x86
		{FC2130E3-C1F8-484A-819A-7F746582F649}.AppStore|Any CPU.ActiveCfg = Release|Any CPU
		{FC2130E3-C1F8-484A-819A-7F746582F649}.AppStore|Any CPU.Build.0 = Release|Any CPU
		{FC2130E3-C1F8-484A-819A-7F746582F649}.AppStore|Any CPU.Deploy.0 = Release|Any CPU
		{FC2130E3-C1F8-484A-819A-7F746582F649}.AppStore|ARM.ActiveCfg = Release|ARM
		{FC2130E3-C1F8-484A-819A-7F746582F649}.AppStore|ARM.Build.0 = Release|ARM
		{FC2130E3-C1F8-484A-819A-7F746582F649}.AppStore|ARM.Deploy.0 = Release|ARM
		{FC2130E3-C1F8-484A-819A-7F746582F649}.AppStore|iPhone.ActiveCfg = Release|Any CPU
		{FC2130E3-C1F8-484A-819A-7F746582F649}.AppStore|iPhoneSimulator.ActiveCfg = Release|Any CPU
		{FC2130E3-C1F8-484A-819A-7F746582F649}.AppStore|Mixed Platforms.ActiveCfg = Release|x86
		{FC2130E3-C1F8-484A-819A-7F746582F649}.AppStore|Mixed Platforms.Build.0 = Release|x86
		{FC2130E3-C1F8-484A-819A-7F746582F649}.AppStore|Mixed Platforms.Deploy.0 = Release|x86
		{FC2130E3-C1F8-484A-819A-7F746582F649}.AppStore|x86.ActiveCfg = Release|x86
		{FC2130E3-C1F8-484A-819A-7F746582F649}.AppStore|x86.Build.0 = Release|x86
		{FC2130E3-C1F8-484A-819A-7F746582F649}.AppStore|x86.Deploy.0 = Release|x86
		{FC2130E3-C1F8-484A-819A-7F746582F649}.Debug|Any CPU.ActiveCfg = Debug|Any CPU
		{FC2130E3-C1F8-484A-819A-7F746582F649}.Debug|Any CPU.Build.0 = Debug|Any CPU
		{FC2130E3-C1F8-484A-819A-7F746582F649}.Debug|Any CPU.Deploy.0 = Debug|Any CPU
		{FC2130E3-C1F8-484A-819A-7F746582F649}.Debug|ARM.ActiveCfg = Debug|ARM
		{FC2130E3-C1F8-484A-819A-7F746582F649}.Debug|ARM.Build.0 = Debug|ARM
		{FC2130E3-C1F8-484A-819A-7F746582F649}.Debug|ARM.Deploy.0 = Debug|ARM
		{FC2130E3-C1F8-484A-819A-7F746582F649}.Debug|iPhone.ActiveCfg = Debug|Any CPU
		{FC2130E3-C1F8-484A-819A-7F746582F649}.Debug|iPhone.Build.0 = Debug|Any CPU
		{FC2130E3-C1F8-484A-819A-7F746582F649}.Debug|iPhone.Deploy.0 = Debug|Any CPU
		{FC2130E3-C1F8-484A-819A-7F746582F649}.Debug|iPhoneSimulator.ActiveCfg = Debug|Any CPU
		{FC2130E3-C1F8-484A-819A-7F746582F649}.Debug|iPhoneSimulator.Build.0 = Debug|Any CPU
		{FC2130E3-C1F8-484A-819A-7F746582F649}.Debug|iPhoneSimulator.Deploy.0 = Debug|Any CPU
		{FC2130E3-C1F8-484A-819A-7F746582F649}.Debug|Mixed Platforms.ActiveCfg = Debug|x86
		{FC2130E3-C1F8-484A-819A-7F746582F649}.Debug|Mixed Platforms.Build.0 = Debug|x86
		{FC2130E3-C1F8-484A-819A-7F746582F649}.Debug|Mixed Platforms.Deploy.0 = Debug|x86
		{FC2130E3-C1F8-484A-819A-7F746582F649}.Debug|x86.ActiveCfg = Debug|x86
		{FC2130E3-C1F8-484A-819A-7F746582F649}.Debug|x86.Build.0 = Debug|x86
		{FC2130E3-C1F8-484A-819A-7F746582F649}.Debug|x86.Deploy.0 = Debug|x86
		{FC2130E3-C1F8-484A-819A-7F746582F649}.Release|Any CPU.ActiveCfg = Release|Any CPU
		{FC2130E3-C1F8-484A-819A-7F746582F649}.Release|Any CPU.Build.0 = Release|Any CPU
		{FC2130E3-C1F8-484A-819A-7F746582F649}.Release|Any CPU.Deploy.0 = Release|Any CPU
		{FC2130E3-C1F8-484A-819A-7F746582F649}.Release|ARM.ActiveCfg = Release|ARM
		{FC2130E3-C1F8-484A-819A-7F746582F649}.Release|ARM.Build.0 = Release|ARM
		{FC2130E3-C1F8-484A-819A-7F746582F649}.Release|ARM.Deploy.0 = Release|ARM
		{FC2130E3-C1F8-484A-819A-7F746582F649}.Release|iPhone.ActiveCfg = Release|Any CPU
		{FC2130E3-C1F8-484A-819A-7F746582F649}.Release|iPhoneSimulator.ActiveCfg = Release|Any CPU
		{FC2130E3-C1F8-484A-819A-7F746582F649}.Release|Mixed Platforms.ActiveCfg = Release|x86
		{FC2130E3-C1F8-484A-819A-7F746582F649}.Release|Mixed Platforms.Build.0 = Release|x86
		{FC2130E3-C1F8-484A-819A-7F746582F649}.Release|Mixed Platforms.Deploy.0 = Release|x86
		{FC2130E3-C1F8-484A-819A-7F746582F649}.Release|x86.ActiveCfg = Release|x86
		{FC2130E3-C1F8-484A-819A-7F746582F649}.Release|x86.Build.0 = Release|x86
		{FC2130E3-C1F8-484A-819A-7F746582F649}.Release|x86.Deploy.0 = Release|x86
	EndGlobalSection
	GlobalSection(SolutionProperties) = preSolution
		HideSolutionNode = FALSE
	EndGlobalSection
EndGlobal
